
Microsoft Visual Studio Solution File, Format Version 12.00
# Visual Studio Version 17
VisualStudioVersion = 17.8.34525.116
MinimumVisualStudioVersion = 10.0.40219.1
Project("{9A19103F-16F7-4668-BE54-9A1E7A4F7556}") = "HiveServer", "HiveServer\HiveServer.csproj", "{F9E6F0FC-137F-4D3D-A2C4-938A5806DFBD}"
EndProject
Project("{9A19103F-16F7-4668-BE54-9A1E7A4F7556}") = "GameAPIServer", "GameAPIServer\GameAPIServer.csproj", "{6ABFE898-14AA-4B71-A639-CD17C9AAAF63}"
EndProject
Project("{9A19103F-16F7-4668-BE54-9A1E7A4F7556}") = "GameServer", "GameServer\GameServer.csproj", "{551183D5-C892-4F66-8935-340CBE1F1B20}"
EndProject
Project("{FAE04EC0-301F-11D3-BF4B-00C04F79EFBC}") = "SuperSocketLite", "SuperSocketLite\SuperSocketLite.csproj", "{CE23E8F0-D1E6-433B-BCDE-39D3442E118C}"
EndProject
Project("{2150E333-8FDC-42A3-9474-1A3956D46DE8}") = "ThirdParty", "ThirdParty", "{C01F77BB-C6CE-4475-969B-D1679F6D3EE3}"
EndProject
Global
	GlobalSection(SolutionConfigurationPlatforms) = preSolution
		Debug|Any CPU = Debug|Any CPU
		Release|Any CPU = Release|Any CPU
	EndGlobalSection
	GlobalSection(ProjectConfigurationPlatforms) = postSolution
		{F9E6F0FC-137F-4D3D-A2C4-938A5806DFBD}.Debug|Any CPU.ActiveCfg = Debug|Any CPU
		{F9E6F0FC-137F-4D3D-A2C4-938A5806DFBD}.Debug|Any CPU.Build.0 = Debug|Any CPU
		{F9E6F0FC-137F-4D3D-A2C4-938A5806DFBD}.Release|Any CPU.ActiveCfg = Release|Any CPU
		{F9E6F0FC-137F-4D3D-A2C4-938A5806DFBD}.Release|Any CPU.Build.0 = Release|Any CPU
		{6ABFE898-14AA-4B71-A639-CD17C9AAAF63}.Debug|Any CPU.ActiveCfg = Debug|Any CPU
		{6ABFE898-14AA-4B71-A639-CD17C9AAAF63}.Debug|Any CPU.Build.0 = Debug|Any CPU
		{6ABFE898-14AA-4B71-A639-CD17C9AAAF63}.Release|Any CPU.ActiveCfg = Release|Any CPU
		{6ABFE898-14AA-4B71-A639-CD17C9AAAF63}.Release|Any CPU.Build.0 = Release|Any CPU
		{551183D5-C892-4F66-8935-340CBE1F1B20}.Debug|Any CPU.ActiveCfg = Debug|Any CPU
		{551183D5-C892-4F66-8935-340CBE1F1B20}.Debug|Any CPU.Build.0 = Debug|Any CPU
		{551183D5-C892-4F66-8935-340CBE1F1B20}.Release|Any CPU.ActiveCfg = Release|Any CPU
		{551183D5-C892-4F66-8935-340CBE1F1B20}.Release|Any CPU.Build.0 = Release|Any CPU
		{CE23E8F0-D1E6-433B-BCDE-39D3442E118C}.Debug|Any CPU.ActiveCfg = Debug|Any CPU
		{CE23E8F0-D1E6-433B-BCDE-39D3442E118C}.Release|Any CPU.ActiveCfg = Release|Any CPU
	EndGlobalSection
	GlobalSection(SolutionProperties) = preSolution
		HideSolutionNode = FALSE
	EndGlobalSection
	GlobalSection(NestedProjects) = preSolution
		{CE23E8F0-D1E6-433B-BCDE-39D3442E118C} = {C01F77BB-C6CE-4475-969B-D1679F6D3EE3}
	EndGlobalSection
	GlobalSection(ExtensibilityGlobals) = postSolution
		SolutionGuid = {38B40AF2-D415-42EB-B74B-0E8BE3987498}
	EndGlobalSection
EndGlobal
